
Microsoft Visual Studio Solution File, Format Version 12.00
# Visual Studio Version 17
VisualStudioVersion = 17.2.32630.192
MinimumVisualStudioVersion = 10.0.40219.1
Project("{FAE04EC0-301F-11D3-BF4B-00C04F79EFBC}") = "isBulmaUygulamasi", "isBulmaUygulamasi\isBulmaUygulamasi.csproj", "{F95B1992-3BE3-4E20-B3A7-12EE15DE74A2}"
EndProject
Global
	GlobalSection(SolutionConfigurationPlatforms) = preSolution
		Debug|Any CPU = Debug|Any CPU
		Release|Any CPU = Release|Any CPU
	EndGlobalSection
	GlobalSection(ProjectConfigurationPlatforms) = postSolution
		{F95B1992-3BE3-4E20-B3A7-12EE15DE74A2}.Debug|Any CPU.ActiveCfg = Debug|Any CPU
		{F95B1992-3BE3-4E20-B3A7-12EE15DE74A2}.Debug|Any CPU.Build.0 = Debug|Any CPU
		{F95B1992-3BE3-4E20-B3A7-12EE15DE74A2}.Release|Any CPU.ActiveCfg = Release|Any CPU
		{F95B1992-3BE3-4E20-B3A7-12EE15DE74A2}.Release|Any CPU.Build.0 = Release|Any CPU
	EndGlobalSection
	GlobalSection(SolutionProperties) = preSolution
		HideSolutionNode = FALSE
	EndGlobalSection
	GlobalSection(ExtensibilityGlobals) = postSolution
		SolutionGuid = {BE6B2FD1-0C1F-4238-9E8F-C676A1555CA2}
	EndGlobalSection
EndGlobal
